
Microsoft Visual Studio Solution File, Format Version 12.00
# Visual Studio Version 17
VisualStudioVersion = 17.6.33829.357
MinimumVisualStudioVersion = 10.0.40219.1
Project("{9A19103F-16F7-4668-BE54-9A1E7A4F7556}") = "YTDownloader", "YTDownloader\YTDownloader.csproj", "{2FE47551-6127-4A34-AAB1-06BFF6E06728}"
EndProject
Project("{FAE04EC0-301F-11D3-BF4B-00C04F79EFBC}") = "UnitTest", "UnitTest\UnitTest.csproj", "{B38F8106-70F1-4D38-8BA9-05C501809BC6}"
EndProject
Global
	GlobalSection(SolutionConfigurationPlatforms) = preSolution
		Debug|Any CPU = Debug|Any CPU
		Release|Any CPU = Release|Any CPU
	EndGlobalSection
	GlobalSection(ProjectConfigurationPlatforms) = postSolution
		{2FE47551-6127-4A34-AAB1-06BFF6E06728}.Debug|Any CPU.ActiveCfg = Debug|Any CPU
		{2FE47551-6127-4A34-AAB1-06BFF6E06728}.Debug|Any CPU.Build.0 = Debug|Any CPU
		{2FE47551-6127-4A34-AAB1-06BFF6E06728}.Release|Any CPU.ActiveCfg = Release|Any CPU
		{2FE47551-6127-4A34-AAB1-06BFF6E06728}.Release|Any CPU.Build.0 = Release|Any CPU
		{B38F8106-70F1-4D38-8BA9-05C501809BC6}.Debug|Any CPU.ActiveCfg = Debug|Any CPU
		{B38F8106-70F1-4D38-8BA9-05C501809BC6}.Debug|Any CPU.Build.0 = Debug|Any CPU
		{B38F8106-70F1-4D38-8BA9-05C501809BC6}.Release|Any CPU.ActiveCfg = Release|Any CPU
		{B38F8106-70F1-4D38-8BA9-05C501809BC6}.Release|Any CPU.Build.0 = Release|Any CPU
	EndGlobalSection
	GlobalSection(SolutionProperties) = preSolution
		HideSolutionNode = FALSE
	EndGlobalSection
	GlobalSection(ExtensibilityGlobals) = postSolution
		SolutionGuid = {C0AEDD8F-AC7D-4B9B-AE8D-FEFF933C0031}
	EndGlobalSection
EndGlobal
